// !$*UTF8*$!
{
	archiveVersion = 1;
	classes = {
	};
	objectVersion = 56;
	objects = {

/* Begin PBXBuildFile section */
		A10000010000000000000001 /* WarMapApp.swift in Sources */ = {isa = PBXBuildFile; fileRef = A10000020000000000000001 /* WarMapApp.swift */; };
		A10000010000000000000002 /* ContentView.swift in Sources */ = {isa = PBXBuildFile; fileRef = A10000020000000000000002 /* ContentView.swift */; };
		A10000010000000000000003 /* Assets.xcassets in Resources */ = {isa = PBXBuildFile; fileRef = A10000020000000000000003 /* Assets.xcassets */; };
		A10000010000000000000010 /* MapPlace.swift in Sources */ = {isa = PBXBuildFile; fileRef = A10000020000000000000010 /* MapPlace.swift */; };
		A10000010000000000000011 /* LocationManager.swift in Sources */ = {isa = PBXBuildFile; fileRef = A10000020000000000000011 /* LocationManager.swift */; };
		A10000010000000000000012 /* AddressSearchService.swift in Sources */ = {isa = PBXBuildFile; fileRef = A10000020000000000000012 /* AddressSearchService.swift */; };
		A10000010000000000000013 /* RoutePlannerViewModel.swift in Sources */ = {isa = PBXBuildFile; fileRef = A10000020000000000000013 /* RoutePlannerViewModel.swift */; };
		A10000010000000000000014 /* MapCanvasView.swift in Sources */ = {isa = PBXBuildFile; fileRef = A10000020000000000000014 /* MapCanvasView.swift */; };
		A10000010000000000000015 /* RoutePlannerView.swift in Sources */ = {isa = PBXBuildFile; fileRef = A10000020000000000000015 /* RoutePlannerView.swift */; };
		A100000100000000000016 /* RouteDirectionsService.swift in Sources */ = {isa = PBXBuildFile; fileRef = A100000200000000000016 /* RouteDirectionsService.swift */; };
		A100000100000000000017 /* NavigationGuidanceEngine.swift in Sources */ = {isa = PBXBuildFile; fileRef = A100000200000000000017 /* NavigationGuidanceEngine.swift */; };
		A100000100000000000018 /* VoiceGuidanceService.swift in Sources */ = {isa = PBXBuildFile; fileRef = A100000200000000000018 /* VoiceGuidanceService.swift */; };
		A100000100000000000019 /* DistanceFormatting.swift in Sources */ = {isa = PBXBuildFile; fileRef = A100000200000000000019 /* DistanceFormatting.swift */; };
		A100000100000000000020 /* DirectionsBannerView.swift in Sources */ = {isa = PBXBuildFile; fileRef = A100000200000000000020 /* DirectionsBannerView.swift */; };
		A100000100000000000021 /* AppSettings.swift in Sources */ = {isa = PBXBuildFile; fileRef = A100000200000000000021 /* AppSettings.swift */; };
		A100000100000000000022 /* SettingsView.swift in Sources */ = {isa = PBXBuildFile; fileRef = A100000200000000000022 /* SettingsView.swift */; };
		A100000100000000000023 /* KeyboardDismiss.swift in Sources */ = {isa = PBXBuildFile; fileRef = A100000200000000000023 /* KeyboardDismiss.swift */; };
/* End PBXBuildFile section */

/* Begin PBXFileReference section */
		A10000020000000000000001 /* WarMapApp.swift */ = {isa = PBXFileReference; lastKnownFileType = sourcecode.swift; path = WarMapApp.swift; sourceTree = "<group>"; };
		A10000020000000000000002 /* ContentView.swift */ = {isa = PBXFileReference; lastKnownFileType = sourcecode.swift; path = ContentView.swift; sourceTree = "<group>"; };
		A10000020000000000000003 /* Assets.xcassets */ = {isa = PBXFileReference; lastKnownFileType = folder.assetcatalog; path = Assets.xcassets; sourceTree = "<group>"; };
		A10000020000000000000004 /* WarMap.app */ = {isa = PBXFileReference; explicitFileType = wrapper.application; includeInIndex = 0; path = WarMap.app; sourceTree = BUILT_PRODUCTS_DIR; };
		A10000020000000000000010 /* MapPlace.swift */ = {isa = PBXFileReference; lastKnownFileType = sourcecode.swift; path = MapPlace.swift; sourceTree = "<group>"; };
		A10000020000000000000011 /* LocationManager.swift */ = {isa = PBXFileReference; lastKnownFileType = sourcecode.swift; path = LocationManager.swift; sourceTree = "<group>"; };
		A10000020000000000000012 /* AddressSearchService.swift */ = {isa = PBXFileReference; lastKnownFileType = sourcecode.swift; path = AddressSearchService.swift; sourceTree = "<group>"; };
		A10000020000000000000013 /* RoutePlannerViewModel.swift */ = {isa = PBXFileReference; lastKnownFileType = sourcecode.swift; path = RoutePlannerViewModel.swift; sourceTree = "<group>"; };
		A10000020000000000000014 /* MapCanvasView.swift */ = {isa = PBXFileReference; lastKnownFileType = sourcecode.swift; path = MapCanvasView.swift; sourceTree = "<group>"; };
		A10000020000000000000015 /* RoutePlannerView.swift */ = {isa = PBXFileReference; lastKnownFileType = sourcecode.swift; path = RoutePlannerView.swift; sourceTree = "<group>"; };
		A100000200000000000016 /* RouteDirectionsService.swift */ = {isa = PBXFileReference; lastKnownFileType = sourcecode.swift; path = RouteDirectionsService.swift; sourceTree = "<group>"; };
		A100000200000000000017 /* NavigationGuidanceEngine.swift */ = {isa = PBXFileReference; lastKnownFileType = sourcecode.swift; path = NavigationGuidanceEngine.swift; sourceTree = "<group>"; };
		A100000200000000000018 /* VoiceGuidanceService.swift */ = {isa = PBXFileReference; lastKnownFileType = sourcecode.swift; path = VoiceGuidanceService.swift; sourceTree = "<group>"; };
		A100000200000000000019 /* DistanceFormatting.swift */ = {isa = PBXFileReference; lastKnownFileType = sourcecode.swift; path = DistanceFormatting.swift; sourceTree = "<group>"; };
		A100000200000000000020 /* DirectionsBannerView.swift */ = {isa = PBXFileReference; lastKnownFileType = sourcecode.swift; path = DirectionsBannerView.swift; sourceTree = "<group>"; };
		A100000200000000000021 /* AppSettings.swift */ = {isa = PBXFileReference; lastKnownFileType = sourcecode.swift; path = AppSettings.swift; sourceTree = "<group>"; };
		A100000200000000000022 /* SettingsView.swift */ = {isa = PBXFileReference; lastKnownFileType = sourcecode.swift; path = SettingsView.swift; sourceTree = "<group>"; };
		A100000200000000000023 /* KeyboardDismiss.swift */ = {isa = PBXFileReference; lastKnownFileType = sourcecode.swift; path = KeyboardDismiss.swift; sourceTree = "<group>"; };
/* End PBXFileReference section */

/* Begin PBXFrameworksBuildPhase section */
		A10000030000000000000001 /* Frameworks */ = {
			isa = PBXFrameworksBuildPhase;
			buildActionMask = 2147483647;
			files = (
			);
			runOnlyForDeploymentPostprocessing = 0;
		};
/* End PBXFrameworksBuildPhase section */

/* Begin PBXGroup section */
		A10000040000000000000001 = {
			isa = PBXGroup;
			children = (
				A10000040000000000000002 /* WarMap */,
				A10000040000000000000003 /* Products */,
			);
			sourceTree = "<group>";
		};
		A10000040000000000000002 /* WarMap */ = {
			isa = PBXGroup;
			children = (
				A10000020000000000000001 /* WarMapApp.swift */,
				A10000020000000000000002 /* ContentView.swift */,
				A10000040000000000000010 /* Models */,
				A10000040000000000000011 /* Services */,
				A10000040000000000000012 /* ViewModels */,
				A10000040000000000000014 /* Utilities */,
				A10000040000000000000013 /* Views */,
				A10000020000000000000003 /* Assets.xcassets */,
			);
			path = WarMap;
			sourceTree = "<group>";
		};
		A10000040000000000000003 /* Products */ = {
			isa = PBXGroup;
			children = (
				A10000020000000000000004 /* WarMap.app */,
			);
			name = Products;
			sourceTree = "<group>";
		};
		A10000040000000000000010 /* Models */ = {
			isa = PBXGroup;
			children = (
				A10000020000000000000010 /* MapPlace.swift */,
				A100000200000000000021 /* AppSettings.swift */,
			);
			path = Models;
			sourceTree = "<group>";
		};
		A10000040000000000000011 /* Services */ = {
			isa = PBXGroup;
			children = (
				A10000020000000000000011 /* LocationManager.swift */,
				A10000020000000000000012 /* AddressSearchService.swift */,
				A100000200000000000018 /* VoiceGuidanceService.swift */,
				A100000200000000000017 /* NavigationGuidanceEngine.swift */,
				A100000200000000000016 /* RouteDirectionsService.swift */,
			);
			path = Services;
			sourceTree = "<group>";
		};
		A10000040000000000000012 /* ViewModels */ = {
			isa = PBXGroup;
			children = (
				A10000020000000000000013 /* RoutePlannerViewModel.swift */,
			);
			path = ViewModels;
			sourceTree = "<group>";
		};
		A10000040000000000000014 /* Utilities */ = {
			isa = PBXGroup;
			children = (
				A100000200000000000019 /* DistanceFormatting.swift */,
				A100000200000000000023 /* KeyboardDismiss.swift */,
			);
			path = Utilities;
			sourceTree = "<group>";
		};
		A10000040000000000000013 /* Views */ = {
			isa = PBXGroup;
			children = (
				A10000020000000000000014 /* MapCanvasView.swift */,
				A10000020000000000000015 /* RoutePlannerView.swift */,
				A100000200000000000020 /* DirectionsBannerView.swift */,
				A100000200000000000022 /* SettingsView.swift */,
			);
			path = Views;
			sourceTree = "<group>";
		};
/* End PBXGroup section */

/* Begin PBXNativeTarget section */
		A10000050000000000000001 /* WarMap */ = {
			isa = PBXNativeTarget;
			buildConfigurationList = A10000080000000000000003 /* Build configuration list for PBXNativeTarget "WarMap" */;
			buildPhases = (
				A10000060000000000000001 /* Sources */,
				A10000030000000000000001 /* Frameworks */,
				A10000070000000000000001 /* Resources */,
			);
			buildRules = (
			);
			dependencies = (
			);
			name = WarMap;
			productName = WarMap;
			productReference = A10000020000000000000004 /* WarMap.app */;
			productType = "com.apple.product-type.application";
		};
/* End PBXNativeTarget section */

/* Begin PBXProject section */
		A10000090000000000000001 /* Project object */ = {
			isa = PBXProject;
			attributes = {
				BuildIndependentTargetsInParallel = 1;
				LastSwiftUpdateCheck = 1500;
				LastUpgradeCheck = 1500;
				TargetAttributes = {
					A10000050000000000000001 = {
						CreatedOnToolsVersion = 15.0;
					};
				};
			};
			buildConfigurationList = A10000080000000000000001 /* Build configuration list for PBXProject "WarMap" */;
			compatibilityVersion = "Xcode 14.0";
			developmentRegion = en;
			hasScannedForEncodings = 0;
			knownRegions = (
				en,
				Base,
			);
			mainGroup = A10000040000000000000001;
			productRefGroup = A10000040000000000000003 /* Products */;
			projectDirPath = "";
			projectRoot = "";
			targets = (
				A10000050000000000000001 /* WarMap */,
			);
		};
/* End PBXProject section */

/* Begin PBXResourcesBuildPhase section */
		A10000070000000000000001 /* Resources */ = {
			isa = PBXResourcesBuildPhase;
			buildActionMask = 2147483647;
			files = (
				A10000010000000000000003 /* Assets.xcassets in Resources */,
			);
			runOnlyForDeploymentPostprocessing = 0;
		};
/* End PBXResourcesBuildPhase section */

/* Begin PBXSourcesBuildPhase section */
		A10000060000000000000001 /* Sources */ = {
			isa = PBXSourcesBuildPhase;
			buildActionMask = 2147483647;
			files = (
				A10000010000000000000001 /* WarMapApp.swift in Sources */,
				A10000010000000000000002 /* ContentView.swift in Sources */,
				A10000010000000000000010 /* MapPlace.swift in Sources */,
				A10000010000000000000011 /* LocationManager.swift in Sources */,
				A10000010000000000000012 /* AddressSearchService.swift in Sources */,
				A10000010000000000000013 /* RoutePlannerViewModel.swift in Sources */,
				A10000010000000000000014 /* MapCanvasView.swift in Sources */,
				A10000010000000000000015 /* RoutePlannerView.swift in Sources */,
				A100000100000000000020 /* DirectionsBannerView.swift in Sources */,
				A100000100000000000023 /* KeyboardDismiss.swift in Sources */,
				A100000100000000000022 /* SettingsView.swift in Sources */,
				A100000100000000000021 /* AppSettings.swift in Sources */,
				A100000100000000000019 /* DistanceFormatting.swift in Sources */,
				A100000100000000000018 /* VoiceGuidanceService.swift in Sources */,
				A100000100000000000017 /* NavigationGuidanceEngine.swift in Sources */,
				A100000100000000000016 /* RouteDirectionsService.swift in Sources */,
			);
			runOnlyForDeploymentPostprocessing = 0;
		};
/* End PBXSourcesBuildPhase section */

/* Begin XCBuildConfiguration section */
		A100000A0000000000000001 /* Debug */ = {
			isa = XCBuildConfiguration;
			buildSettings = {
				ALWAYS_SEARCH_USER_PATHS = NO;
				CLANG_ENABLE_MODULES = YES;
				CLANG_ENABLE_OBJC_ARC = YES;
				COPY_PHASE_STRIP = NO;
				DEBUG_INFORMATION_FORMAT = dwarf;
				ENABLE_STRICT_OBJC_MSGSEND = YES;
				ENABLE_TESTABILITY = YES;
				GCC_DYNAMIC_NO_PIC = NO;
				GCC_OPTIMIZATION_LEVEL = 0;
				GCC_PREPROCESSOR_DEFINITIONS = (
					"DEBUG=1",
					"$(inherited)",
				);
				IPHONEOS_DEPLOYMENT_TARGET = 16.0;
				MTL_ENABLE_DEBUG_INFO = INCLUDE_SOURCE;
				ONLY_ACTIVE_ARCH = YES;
				SDKROOT = iphoneos;
				SWIFT_ACTIVE_COMPILATION_CONDITIONS = DEBUG;
				SWIFT_OPTIMIZATION_LEVEL = "-Onone";
			};
			name = Debug;
		};
		A100000A0000000000000002 /* Release */ = {
			isa = XCBuildConfiguration;
			buildSettings = {
				ALWAYS_SEARCH_USER_PATHS = NO;
				CLANG_ENABLE_MODULES = YES;
				CLANG_ENABLE_OBJC_ARC = YES;
				COPY_PHASE_STRIP = NO;
				DEBUG_INFORMATION_FORMAT = "dwarf-with-dsym";
				ENABLE_NS_ASSERTIONS = NO;
				ENABLE_STRICT_OBJC_MSGSEND = YES;
				IPHONEOS_DEPLOYMENT_TARGET = 16.0;
				MTL_ENABLE_DEBUG_INFO = NO;
				SDKROOT = iphoneos;
				SWIFT_COMPILATION_MODE = wholemodule;
				VALIDATE_PRODUCT = YES;
			};
			name = Release;
		};
		A100000A0000000000000003 /* Debug */ = {
			isa = XCBuildConfiguration;
			buildSettings = {
				ASSETCATALOG_COMPILER_APPICON_NAME = AppIcon;
				ASSETCATALOG_COMPILER_GLOBAL_ACCENT_COLOR_NAME = AccentColor;
				CODE_SIGN_STYLE = Automatic;
				CURRENT_PROJECT_VERSION = 0.3.4;
				DEVELOPMENT_TEAM = "";
				GENERATE_INFOPLIST_FILE = YES;
				INFOPLIST_KEY_CFBundleDisplayName = "War Map";
				INFOPLIST_KEY_LSApplicationCategoryType = "public.app-category.navigation";
				INFOPLIST_KEY_NSLocationWhenInUseUsageDescription = "War Map uses your location to set your starting point and improve address search.";
				INFOPLIST_KEY_UIApplicationSceneManifest_Generation = YES;
				INFOPLIST_KEY_UILaunchScreen_Generation = YES;
				INFOPLIST_KEY_UISupportedInterfaceOrientations = UIInterfaceOrientationPortrait;
				INFOPLIST_KEY_UISupportedInterfaceOrientations_iPad = "UIInterfaceOrientationPortrait UIInterfaceOrientationPortraitUpsideDown UIInterfaceOrientationLandscapeLeft UIInterfaceOrientationLandscapeRight";
				LD_RUNPATH_SEARCH_PATHS = (
					"$(inherited)",
					"@executable_path/Frameworks",
				);
				MARKETING_VERSION = 0.3.4;
				PRODUCT_BUNDLE_IDENTIFIER = com.talaxin.warmap;
				PRODUCT_NAME = "$(TARGET_NAME)";
				SUPPORTED_PLATFORMS = "iphoneos iphonesimulator";
				SUPPORTS_MACCATALYST = NO;
				SWIFT_EMIT_LOC_STRINGS = YES;
				SWIFT_VERSION = 5.0;
				TARGETED_DEVICE_FAMILY = "1,2";
			};
			name = Debug;
		};
		A100000A0000000000000004 /* Release */ = {
			isa = XCBuildConfiguration;
			buildSettings = {
				ASSETCATALOG_COMPILER_APPICON_NAME = AppIcon;
				ASSETCATALOG_COMPILER_GLOBAL_ACCENT_COLOR_NAME = AccentColor;
				CODE_SIGN_STYLE = Automatic;
				CURRENT_PROJECT_VERSION = 0.3.4;
				DEVELOPMENT_TEAM = "";
				GENERATE_INFOPLIST_FILE = YES;
				INFOPLIST_KEY_CFBundleDisplayName = "War Map";
				INFOPLIST_KEY_LSApplicationCategoryType = "public.app-category.navigation";
				INFOPLIST_KEY_NSLocationWhenInUseUsageDescription = "War Map uses your location to set your starting point and improve address search.";
				INFOPLIST_KEY_UIApplicationSceneManifest_Generation = YES;
				INFOPLIST_KEY_UILaunchScreen_Generation = YES;
				INFOPLIST_KEY_UISupportedInterfaceOrientations = UIInterfaceOrientationPortrait;
				INFOPLIST_KEY_UISupportedInterfaceOrientations_iPad = "UIInterfaceOrientationPortrait UIInterfaceOrientationPortraitUpsideDown UIInterfaceOrientationLandscapeLeft UIInterfaceOrientationLandscapeRight";
				LD_RUNPATH_SEARCH_PATHS = (
					"$(inherited)",
					"@executable_path/Frameworks",
				);
				MARKETING_VERSION = 0.3.4;
				PRODUCT_BUNDLE_IDENTIFIER = com.talaxin.warmap;
				PRODUCT_NAME = "$(TARGET_NAME)";
				SUPPORTED_PLATFORMS = "iphoneos iphonesimulator";
				SUPPORTS_MACCATALYST = NO;
				SWIFT_EMIT_LOC_STRINGS = YES;
				SWIFT_VERSION = 5.0;
				TARGETED_DEVICE_FAMILY = "1,2";
			};
			name = Release;
		};
/* End XCBuildConfiguration section */

/* Begin XCConfigurationList section */
		A10000080000000000000001 /* Build configuration list for PBXProject "WarMap" */ = {
			isa = XCConfigurationList;
			buildConfigurations = (
				A100000A0000000000000001 /* Debug */,
				A100000A0000000000000002 /* Release */,
			);
			defaultConfigurationIsVisible = 0;
			defaultConfigurationName = Release;
		};
		A10000080000000000000003 /* Build configuration list for PBXNativeTarget "WarMap" */ = {
			isa = XCConfigurationList;
			buildConfigurations = (
				A100000A0000000000000003 /* Debug */,
				A100000A0000000000000004 /* Release */,
			);
			defaultConfigurationIsVisible = 0;
			defaultConfigurationName = Release;
		};
/* End XCConfigurationList section */
	};
	rootObject = A10000090000000000000001 /* Project object */;
}
